github.com/Andrew-M-C/go-tools v0.0.0-20190826101642-1dbbb9cf6e33 h1:Fh0tqFvgr1B7qYOSvANi3ojCO6HRhz0saF/pXiTpt8w=
github.com/Andrew-M-C/go-tools v0.0.0-20190826101642-1dbbb9cf6e33/go.mod h1:n4t3a3NZzEa/SQIgGslu0fxVoJsZ5yTKjLmwKangzwc=
github.com/buger/jsonparser v0.0.0-20181115193947-bf1c66bbce23/go.mod h1:bbYlZJ7hK1yFx9hf58LP0zeX7UjIGs20ufpu3evjr+s=
github.com/go-sql-driver/mysql v1.4.0/go.mod h1:zAC/RDZ24gD3HViQzih4MyKcchzm+sOG5ZlKdlhCg5w=
